
Microsoft Visual Studio Solution File, Format Version 12.00
# Visual Studio 15
VisualStudioVersion = 15.0.27130.2020
MinimumVisualStudioVersion = 10.0.40219.1
Project("{FAE04EC0-301F-11D3-BF4B-00C04F79EFBC}") = "lBook", "lBook\lBook.csproj", "{C64ADC62-4ECF-4A61-8675-AA290D7E81B0}"
EndProject
Global
	GlobalSection(SolutionConfigurationPlatforms) = preSolution
		Debug|Any CPU = Debug|Any CPU
		Release|Any CPU = Release|Any CPU
	EndGlobalSection
	GlobalSection(ProjectConfigurationPlatforms) = postSolution
		{C64ADC62-4ECF-4A61-8675-AA290D7E81B0}.Debug|Any CPU.ActiveCfg = Debug|Any CPU
		{C64ADC62-4ECF-4A61-8675-AA290D7E81B0}.Debug|Any CPU.Build.0 = Debug|Any CPU
		{C64ADC62-4ECF-4A61-8675-AA290D7E81B0}.Release|Any CPU.ActiveCfg = Release|Any CPU
		{C64ADC62-4ECF-4A61-8675-AA290D7E81B0}.Release|Any CPU.Build.0 = Release|Any CPU
	EndGlobalSection
	GlobalSection(SolutionProperties) = preSolution
		HideSolutionNode = FALSE
	EndGlobalSection
	GlobalSection(ExtensibilityGlobals) = postSolution
		SolutionGuid = {08B99A91-54A3-44A2-B649-F142825BE9C1}
	EndGlobalSection
EndGlobal
